
Microsoft Visual Studio Solution File, Format Version 12.00
# Visual Studio 15
VisualStudioVersion = 15.0.27130.2027
MinimumVisualStudioVersion = 10.0.40219.1
Project("{FAE04EC0-301F-11D3-BF4B-00C04F79EFBC}") = "Sales.Messages", "Sales.Messages\Sales.Messages.csproj", "{37B89E27-62B6-4D82-81B8-AAC0D6629DBB}"
EndProject
Project("{FAE04EC0-301F-11D3-BF4B-00C04F79EFBC}") = "Web", "Web\Web.csproj", "{8EE23445-A1C1-4CC5-875C-CCC2A437967C}"
EndProject
Project("{FAE04EC0-301F-11D3-BF4B-00C04F79EFBC}") = "Sales.Orders.OrderCreated1", "Sales.Orders.OrderCreated1\Sales.Orders.OrderCreated1.csproj", "{2EF34480-C5A4-4F03-8131-D55E961B76A7}"
EndProject
Project("{FAE04EC0-301F-11D3-BF4B-00C04F79EFBC}") = "Billing.Payments.PaymentAccepted1", "Billing.Payments.PaymentAccepted1\Billing.Payments.PaymentAccepted1.csproj", "{FFCF55FE-D2C9-45B4-869D-811D9734B424}"
EndProject
Project("{FAE04EC0-301F-11D3-BF4B-00C04F79EFBC}") = "Billing.Messages", "Billing.Messages\Billing.Messages.csproj", "{1730929C-B9D8-41D3-82DB-8F46883419A2}"
EndProject
Project("{FAE04EC0-301F-11D3-BF4B-00C04F79EFBC}") = "Shipping.BusinessCustomers.ShippingArranged", "Shipping.BusinessCustomers.ShippingArranged\Shipping.BusinessCustomers.ShippingArranged.csproj", "{BE6AB00E-F422-42BB-9661-7A88DD84A7A9}"
EndProject
Project("{FAE04EC0-301F-11D3-BF4B-00C04F79EFBC}") = "Shipping.Messages", "Shipping.Messages\Shipping.Messages.csproj", "{91F2D11C-4F1E-4E9A-9D7B-4ED5C7676310}"
EndProject
Global
	GlobalSection(SolutionConfigurationPlatforms) = preSolution
		Debug|Any CPU = Debug|Any CPU
		Release|Any CPU = Release|Any CPU
	EndGlobalSection
	GlobalSection(ProjectConfigurationPlatforms) = postSolution
		{37B89E27-62B6-4D82-81B8-AAC0D6629DBB}.Debug|Any CPU.ActiveCfg = Debug|Any CPU
		{37B89E27-62B6-4D82-81B8-AAC0D6629DBB}.Debug|Any CPU.Build.0 = Debug|Any CPU
		{37B89E27-62B6-4D82-81B8-AAC0D6629DBB}.Release|Any CPU.ActiveCfg = Release|Any CPU
		{37B89E27-62B6-4D82-81B8-AAC0D6629DBB}.Release|Any CPU.Build.0 = Release|Any CPU
		{8EE23445-A1C1-4CC5-875C-CCC2A437967C}.Debug|Any CPU.ActiveCfg = Debug|Any CPU
		{8EE23445-A1C1-4CC5-875C-CCC2A437967C}.Debug|Any CPU.Build.0 = Debug|Any CPU
		{8EE23445-A1C1-4CC5-875C-CCC2A437967C}.Release|Any CPU.ActiveCfg = Release|Any CPU
		{8EE23445-A1C1-4CC5-875C-CCC2A437967C}.Release|Any CPU.Build.0 = Release|Any CPU
		{2EF34480-C5A4-4F03-8131-D55E961B76A7}.Debug|Any CPU.ActiveCfg = Debug|Any CPU
		{2EF34480-C5A4-4F03-8131-D55E961B76A7}.Debug|Any CPU.Build.0 = Debug|Any CPU
		{2EF34480-C5A4-4F03-8131-D55E961B76A7}.Release|Any CPU.ActiveCfg = Release|Any CPU
		{2EF34480-C5A4-4F03-8131-D55E961B76A7}.Release|Any CPU.Build.0 = Release|Any CPU
		{FFCF55FE-D2C9-45B4-869D-811D9734B424}.Debug|Any CPU.ActiveCfg = Debug|Any CPU
		{FFCF55FE-D2C9-45B4-869D-811D9734B424}.Debug|Any CPU.Build.0 = Debug|Any CPU
		{FFCF55FE-D2C9-45B4-869D-811D9734B424}.Release|Any CPU.ActiveCfg = Release|Any CPU
		{FFCF55FE-D2C9-45B4-869D-811D9734B424}.Release|Any CPU.Build.0 = Release|Any CPU
		{1730929C-B9D8-41D3-82DB-8F46883419A2}.Debug|Any CPU.ActiveCfg = Debug|Any CPU
		{1730929C-B9D8-41D3-82DB-8F46883419A2}.Debug|Any CPU.Build.0 = Debug|Any CPU
		{1730929C-B9D8-41D3-82DB-8F46883419A2}.Release|Any CPU.ActiveCfg = Release|Any CPU
		{1730929C-B9D8-41D3-82DB-8F46883419A2}.Release|Any CPU.Build.0 = Release|Any CPU
		{BE6AB00E-F422-42BB-9661-7A88DD84A7A9}.Debug|Any CPU.ActiveCfg = Debug|Any CPU
		{BE6AB00E-F422-42BB-9661-7A88DD84A7A9}.Debug|Any CPU.Build.0 = Debug|Any CPU
		{BE6AB00E-F422-42BB-9661-7A88DD84A7A9}.Release|Any CPU.ActiveCfg = Release|Any CPU
		{BE6AB00E-F422-42BB-9661-7A88DD84A7A9}.Release|Any CPU.Build.0 = Release|Any CPU
		{91F2D11C-4F1E-4E9A-9D7B-4ED5C7676310}.Debug|Any CPU.ActiveCfg = Debug|Any CPU
		{91F2D11C-4F1E-4E9A-9D7B-4ED5C7676310}.Debug|Any CPU.Build.0 = Debug|Any CPU
		{91F2D11C-4F1E-4E9A-9D7B-4ED5C7676310}.Release|Any CPU.ActiveCfg = Release|Any CPU
		{91F2D11C-4F1E-4E9A-9D7B-4ED5C7676310}.Release|Any CPU.Build.0 = Release|Any CPU
	EndGlobalSection
	GlobalSection(SolutionProperties) = preSolution
		HideSolutionNode = FALSE
	EndGlobalSection
	GlobalSection(ExtensibilityGlobals) = postSolution
		SolutionGuid = {61096164-9175-4048-A347-ABCE3C64636D}
	EndGlobalSection
EndGlobal
